
Microsoft Visual Studio Solution File, Format Version 12.00
# Visual Studio Version 16
VisualStudioVersion = 25.0.1706.14
MinimumVisualStudioVersion = 10.0.40219.1
Project("{FAE04EC0-301F-11D3-BF4B-00C04F79EFBC}") = "08-StatiClassExtensionMethodsExceptions", "08-StatiClassExtensionMethodsExceptions.csproj", "{EEA8900B-58A0-4152-B4BE-C9578A89D341}"
EndProject
Global
	GlobalSection(SolutionConfigurationPlatforms) = preSolution
		Debug|Any CPU = Debug|Any CPU
		Release|Any CPU = Release|Any CPU
	EndGlobalSection
	GlobalSection(ProjectConfigurationPlatforms) = postSolution
		{EEA8900B-58A0-4152-B4BE-C9578A89D341}.Debug|Any CPU.ActiveCfg = Debug|Any CPU
		{EEA8900B-58A0-4152-B4BE-C9578A89D341}.Debug|Any CPU.Build.0 = Debug|Any CPU
		{EEA8900B-58A0-4152-B4BE-C9578A89D341}.Release|Any CPU.ActiveCfg = Release|Any CPU
		{EEA8900B-58A0-4152-B4BE-C9578A89D341}.Release|Any CPU.Build.0 = Release|Any CPU
	EndGlobalSection
	GlobalSection(SolutionProperties) = preSolution
		HideSolutionNode = FALSE
	EndGlobalSection
	GlobalSection(ExtensibilityGlobals) = postSolution
		SolutionGuid = {C692FC6E-A294-47DC-9B8E-989CE22F8A44}
	EndGlobalSection
EndGlobal
