
Microsoft Visual Studio Solution File, Format Version 12.00
# Visual Studio Version 17
VisualStudioVersion = 17.14.37012.4 d17.14
MinimumVisualStudioVersion = 10.0.40219.1
Project("{FAE04EC0-301F-11D3-BF4B-00C04F79EFBC}") = "03-ObjectClassConstructorİnheritance", "03-ObjectClassConstructorİnheritance\03-ObjectClassConstructorİnheritance.csproj", "{31D3BF7D-2F18-420B-8322-9D88F98B4842}"
EndProject
Global
	GlobalSection(SolutionConfigurationPlatforms) = preSolution
		Debug|Any CPU = Debug|Any CPU
		Release|Any CPU = Release|Any CPU
	EndGlobalSection
	GlobalSection(ProjectConfigurationPlatforms) = postSolution
		{31D3BF7D-2F18-420B-8322-9D88F98B4842}.Debug|Any CPU.ActiveCfg = Debug|Any CPU
		{31D3BF7D-2F18-420B-8322-9D88F98B4842}.Debug|Any CPU.Build.0 = Debug|Any CPU
		{31D3BF7D-2F18-420B-8322-9D88F98B4842}.Release|Any CPU.ActiveCfg = Release|Any CPU
		{31D3BF7D-2F18-420B-8322-9D88F98B4842}.Release|Any CPU.Build.0 = Release|Any CPU
	EndGlobalSection
	GlobalSection(SolutionProperties) = preSolution
		HideSolutionNode = FALSE
	EndGlobalSection
	GlobalSection(ExtensibilityGlobals) = postSolution
		SolutionGuid = {A6E8B608-C2CC-45F1-8BB1-8B41ED492821}
	EndGlobalSection
EndGlobal
